// !$*UTF8*$!
{
	archiveVersion = 1;
	classes = {
	};
	objectVersion = 55;
	objects = {

/* Begin PBXBuildFile section */
		1090FA72283E8EA100FEE224 /* HomeController.swift in Sources */ = {isa = PBXBuildFile; fileRef = 1090FA71283E8EA000FEE224 /* HomeController.swift */; };
		1090FA74283E8F1F00FEE224 /* LoginController.swift in Sources */ = {isa = PBXBuildFile; fileRef = 1090FA73283E8F1F00FEE224 /* LoginController.swift */; };
		1090FA76283E8F7200FEE224 /* CreatePostController.swift in Sources */ = {isa = PBXBuildFile; fileRef = 1090FA75283E8F7200FEE224 /* CreatePostController.swift */; };
		1090FA78283F385800FEE224 /* Room.swift in Sources */ = {isa = PBXBuildFile; fileRef = 1090FA77283F385800FEE224 /* Room.swift */; };
		10B0616C283D4EF4003E3F83 /* AppDelegate.swift in Sources */ = {isa = PBXBuildFile; fileRef = 10B0616B283D4EF4003E3F83 /* AppDelegate.swift */; };
		10B0616E283D4EF4003E3F83 /* SceneDelegate.swift in Sources */ = {isa = PBXBuildFile; fileRef = 10B0616D283D4EF4003E3F83 /* SceneDelegate.swift */; };
		10B06170283D4EF4003E3F83 /* ViewController.swift in Sources */ = {isa = PBXBuildFile; fileRef = 10B0616F283D4EF4003E3F83 /* ViewController.swift */; };
		10B06173283D4EF4003E3F83 /* Main.storyboard in Resources */ = {isa = PBXBuildFile; fileRef = 10B06171283D4EF4003E3F83 /* Main.storyboard */; };
		10B06175283D4EFD003E3F83 /* Assets.xcassets in Resources */ = {isa = PBXBuildFile; fileRef = 10B06174283D4EFD003E3F83 /* Assets.xcassets */; };
		10B06178283D4EFD003E3F83 /* LaunchScreen.storyboard in Resources */ = {isa = PBXBuildFile; fileRef = 10B06176283D4EFD003E3F83 /* LaunchScreen.storyboard */; };
		10B06183283D4EFE003E3F83 /* TroMoiOSTests.swift in Sources */ = {isa = PBXBuildFile; fileRef = 10B06182283D4EFE003E3F83 /* TroMoiOSTests.swift */; };
		10B0618D283D4EFE003E3F83 /* TroMoiOSUITests.swift in Sources */ = {isa = PBXBuildFile; fileRef = 10B0618C283D4EFE003E3F83 /* TroMoiOSUITests.swift */; };
		10B0618F283D4EFE003E3F83 /* TroMoiOSUITestsLaunchTests.swift in Sources */ = {isa = PBXBuildFile; fileRef = 10B0618E283D4EFE003E3F83 /* TroMoiOSUITestsLaunchTests.swift */; };
		10B061A3283D63A1003E3F83 /* RegisterController.swift in Sources */ = {isa = PBXBuildFile; fileRef = 10B061A2283D63A1003E3F83 /* RegisterController.swift */; };
		10B061A5283D63BC003E3F83 /* ProfileController.swift in Sources */ = {isa = PBXBuildFile; fileRef = 10B061A4283D63BC003E3F83 /* ProfileController.swift */; };
		10B061A8283DF18D003E3F83 /* DescriptionController.swift in Sources */ = {isa = PBXBuildFile; fileRef = 10B061A7283DF18D003E3F83 /* DescriptionController.swift */; };
		10DBBC5D28421FDB004D4F55 /* user.swift in Sources */ = {isa = PBXBuildFile; fileRef = 10DBBC5C28421FDA004D4F55 /* user.swift */; };
		10DBBC6028422CF8004D4F55 /* category.swift in Sources */ = {isa = PBXBuildFile; fileRef = 10DBBC5F28422CF8004D4F55 /* category.swift */; };
		54D0F63028425087000EE9B2 /* HomeTableViewCell.swift in Sources */ = {isa = PBXBuildFile; fileRef = 54D0F62E28425087000EE9B2 /* HomeTableViewCell.swift */; };
		54D0F63128425087000EE9B2 /* HomeTableViewCell.xib in Resources */ = {isa = PBXBuildFile; fileRef = 54D0F62F28425087000EE9B2 /* HomeTableViewCell.xib */; };
		54E8282B28438107005B0C0F /* CustomTabBar.swift in Sources */ = {isa = PBXBuildFile; fileRef = 54E8282A28438106005B0C0F /* CustomTabBar.swift */; };
		54E8282E284507D8005B0C0F /* DataPassing.swift in Sources */ = {isa = PBXBuildFile; fileRef = 54E8282D284507D7005B0C0F /* DataPassing.swift */; };
		E70DE6E42843893400F0B87E /* NetWorkService.swift in Sources */ = {isa = PBXBuildFile; fileRef = E70DE6E32843893400F0B87E /* NetWorkService.swift */; };
/* End PBXBuildFile section */

/* Begin PBXContainerItemProxy section */
		10B0617F283D4EFE003E3F83 /* PBXContainerItemProxy */ = {
			isa = PBXContainerItemProxy;
			containerPortal = 10B06160283D4EF4003E3F83 /* Project object */;
			proxyType = 1;
			remoteGlobalIDString = 10B06167283D4EF4003E3F83;
			remoteInfo = TroMoiOS;
		};
		10B06189283D4EFE003E3F83 /* PBXContainerItemProxy */ = {
			isa = PBXContainerItemProxy;
			containerPortal = 10B06160283D4EF4003E3F83 /* Project object */;
			proxyType = 1;
			remoteGlobalIDString = 10B06167283D4EF4003E3F83;
			remoteInfo = TroMoiOS;
		};
/* End PBXContainerItemProxy section */

/* Begin PBXFileReference section */
		1090FA71283E8EA000FEE224 /* HomeController.swift */ = {isa = PBXFileReference; lastKnownFileType = sourcecode.swift; path = HomeController.swift; sourceTree = "<group>"; };
		1090FA73283E8F1F00FEE224 /* LoginController.swift */ = {isa = PBXFileReference; lastKnownFileType = sourcecode.swift; path = LoginController.swift; sourceTree = "<group>"; };
		1090FA75283E8F7200FEE224 /* CreatePostController.swift */ = {isa = PBXFileReference; lastKnownFileType = sourcecode.swift; path = CreatePostController.swift; sourceTree = "<group>"; };
		1090FA77283F385800FEE224 /* Room.swift */ = {isa = PBXFileReference; lastKnownFileType = sourcecode.swift; path = Room.swift; sourceTree = "<group>"; };
		10B06168283D4EF4003E3F83 /* TroMoiOS.app */ = {isa = PBXFileReference; explicitFileType = wrapper.application; includeInIndex = 0; path = TroMoiOS.app; sourceTree = BUILT_PRODUCTS_DIR; };
		10B0616B283D4EF4003E3F83 /* AppDelegate.swift */ = {isa = PBXFileReference; lastKnownFileType = sourcecode.swift; path = AppDelegate.swift; sourceTree = "<group>"; };
		10B0616D283D4EF4003E3F83 /* SceneDelegate.swift */ = {isa = PBXFileReference; lastKnownFileType = sourcecode.swift; path = SceneDelegate.swift; sourceTree = "<group>"; };
		10B0616F283D4EF4003E3F83 /* ViewController.swift */ = {isa = PBXFileReference; lastKnownFileType = sourcecode.swift; path = ViewController.swift; sourceTree = "<group>"; };
		10B06172283D4EF4003E3F83 /* Base */ = {isa = PBXFileReference; lastKnownFileType = file.storyboard; name = Base; path = Base.lproj/Main.storyboard; sourceTree = "<group>"; };
		10B06174283D4EFD003E3F83 /* Assets.xcassets */ = {isa = PBXFileReference; lastKnownFileType = folder.assetcatalog; path = Assets.xcassets; sourceTree = "<group>"; };
		10B06177283D4EFD003E3F83 /* Base */ = {isa = PBXFileReference; lastKnownFileType = file.storyboard; name = Base; path = Base.lproj/LaunchScreen.storyboard; sourceTree = "<group>"; };
		10B06179283D4EFD003E3F83 /* Info.plist */ = {isa = PBXFileReference; lastKnownFileType = text.plist.xml; path = Info.plist; sourceTree = "<group>"; };
		10B0617E283D4EFE003E3F83 /* TroMoiOSTests.xctest */ = {isa = PBXFileReference; explicitFileType = wrapper.cfbundle; includeInIndex = 0; path = TroMoiOSTests.xctest; sourceTree = BUILT_PRODUCTS_DIR; };
		10B06182283D4EFE003E3F83 /* TroMoiOSTests.swift */ = {isa = PBXFileReference; lastKnownFileType = sourcecode.swift; path = TroMoiOSTests.swift; sourceTree = "<group>"; };
		10B06188283D4EFE003E3F83 /* TroMoiOSUITests.xctest */ = {isa = PBXFileReference; explicitFileType = wrapper.cfbundle; includeInIndex = 0; path = TroMoiOSUITests.xctest; sourceTree = BUILT_PRODUCTS_DIR; };
		10B0618C283D4EFE003E3F83 /* TroMoiOSUITests.swift */ = {isa = PBXFileReference; lastKnownFileType = sourcecode.swift; path = TroMoiOSUITests.swift; sourceTree = "<group>"; };
		10B0618E283D4EFE003E3F83 /* TroMoiOSUITestsLaunchTests.swift */ = {isa = PBXFileReference; lastKnownFileType = sourcecode.swift; path = TroMoiOSUITestsLaunchTests.swift; sourceTree = "<group>"; };
		10B061A2283D63A1003E3F83 /* RegisterController.swift */ = {isa = PBXFileReference; lastKnownFileType = sourcecode.swift; path = RegisterController.swift; sourceTree = "<group>"; };
		10B061A4283D63BC003E3F83 /* ProfileController.swift */ = {isa = PBXFileReference; lastKnownFileType = sourcecode.swift; path = ProfileController.swift; sourceTree = "<group>"; };
		10B061A7283DF18D003E3F83 /* DescriptionController.swift */ = {isa = PBXFileReference; lastKnownFileType = sourcecode.swift; path = DescriptionController.swift; sourceTree = "<group>"; };
		10DBBC5C28421FDA004D4F55 /* user.swift */ = {isa = PBXFileReference; lastKnownFileType = sourcecode.swift; path = user.swift; sourceTree = "<group>"; };
		10DBBC5F28422CF8004D4F55 /* category.swift */ = {isa = PBXFileReference; lastKnownFileType = sourcecode.swift; path = category.swift; sourceTree = "<group>"; };
		54D0F62E28425087000EE9B2 /* HomeTableViewCell.swift */ = {isa = PBXFileReference; lastKnownFileType = sourcecode.swift; path = HomeTableViewCell.swift; sourceTree = "<group>"; };
		54D0F62F28425087000EE9B2 /* HomeTableViewCell.xib */ = {isa = PBXFileReference; lastKnownFileType = file.xib; path = HomeTableViewCell.xib; sourceTree = "<group>"; };
		54E8282A28438106005B0C0F /* CustomTabBar.swift */ = {isa = PBXFileReference; lastKnownFileType = sourcecode.swift; path = CustomTabBar.swift; sourceTree = "<group>"; };
		54E8282D284507D7005B0C0F /* DataPassing.swift */ = {isa = PBXFileReference; lastKnownFileType = sourcecode.swift; path = DataPassing.swift; sourceTree = "<group>"; };
		E70DE6E32843893400F0B87E /* NetWorkService.swift */ = {isa = PBXFileReference; lastKnownFileType = sourcecode.swift; path = NetWorkService.swift; sourceTree = "<group>"; };
/* End PBXFileReference section */

/* Begin PBXFrameworksBuildPhase section */
		10B06165283D4EF4003E3F83 /* Frameworks */ = {
			isa = PBXFrameworksBuildPhase;
			buildActionMask = 2147483647;
			files = (
			);
			runOnlyForDeploymentPostprocessing = 0;
		};
		10B0617B283D4EFE003E3F83 /* Frameworks */ = {
			isa = PBXFrameworksBuildPhase;
			buildActionMask = 2147483647;
			files = (
			);
			runOnlyForDeploymentPostprocessing = 0;
		};
		10B06185283D4EFE003E3F83 /* Frameworks */ = {
			isa = PBXFrameworksBuildPhase;
			buildActionMask = 2147483647;
			files = (
			);
			runOnlyForDeploymentPostprocessing = 0;
		};
/* End PBXFrameworksBuildPhase section */

/* Begin PBXGroup section */
		10B0615F283D4EF4003E3F83 = {
			isa = PBXGroup;
			children = (
				10B0616A283D4EF4003E3F83 /* TroMoiOS */,
				10B06181283D4EFE003E3F83 /* TroMoiOSTests */,
				10B0618B283D4EFE003E3F83 /* TroMoiOSUITests */,
				10B06169283D4EF4003E3F83 /* Products */,
			);
			sourceTree = "<group>";
		};
		10B06169283D4EF4003E3F83 /* Products */ = {
			isa = PBXGroup;
			children = (
				10B06168283D4EF4003E3F83 /* TroMoiOS.app */,
				10B0617E283D4EFE003E3F83 /* TroMoiOSTests.xctest */,
				10B06188283D4EFE003E3F83 /* TroMoiOSUITests.xctest */,
			);
			name = Products;
			sourceTree = "<group>";
		};
		10B0616A283D4EF4003E3F83 /* TroMoiOS */ = {
			isa = PBXGroup;
			children = (
				E70DE6E32843893400F0B87E /* NetWorkService.swift */,
				10DBBC5E28422632004D4F55 /* controller */,
				10DBBC5B28421FA1004D4F55 /* model */,
				10B061A6283D63CD003E3F83 /* SoftwareSupport */,
				10B06171283D4EF4003E3F83 /* Main.storyboard */,
				10B06179283D4EFD003E3F83 /* Info.plist */,
				10B061A2283D63A1003E3F83 /* RegisterController.swift */,
				10B061A4283D63BC003E3F83 /* ProfileController.swift */,
				10B061A7283DF18D003E3F83 /* DescriptionController.swift */,
				1090FA71283E8EA000FEE224 /* HomeController.swift */,
				54E8282D284507D7005B0C0F /* DataPassing.swift */,
				1090FA73283E8F1F00FEE224 /* LoginController.swift */,
				1090FA75283E8F7200FEE224 /* CreatePostController.swift */,
				54D0F62E28425087000EE9B2 /* HomeTableViewCell.swift */,
				54D0F62F28425087000EE9B2 /* HomeTableViewCell.xib */,
				54E8282A28438106005B0C0F /* CustomTabBar.swift */,
			);
			path = TroMoiOS;
			sourceTree = "<group>";
		};
		10B06181283D4EFE003E3F83 /* TroMoiOSTests */ = {
			isa = PBXGroup;
			children = (
				10B06182283D4EFE003E3F83 /* TroMoiOSTests.swift */,
			);
			path = TroMoiOSTests;
			sourceTree = "<group>";
		};
		10B0618B283D4EFE003E3F83 /* TroMoiOSUITests */ = {
			isa = PBXGroup;
			children = (
				10B0618C283D4EFE003E3F83 /* TroMoiOSUITests.swift */,
				10B0618E283D4EFE003E3F83 /* TroMoiOSUITestsLaunchTests.swift */,
			);
			path = TroMoiOSUITests;
			sourceTree = "<group>";
		};
		10B061A6283D63CD003E3F83 /* SoftwareSupport */ = {
			isa = PBXGroup;
			children = (
				10B0616B283D4EF4003E3F83 /* AppDelegate.swift */,
				10B0616D283D4EF4003E3F83 /* SceneDelegate.swift */,
				10B06174283D4EFD003E3F83 /* Assets.xcassets */,
				10B06176283D4EFD003E3F83 /* LaunchScreen.storyboard */,
			);
			name = SoftwareSupport;
			sourceTree = "<group>";
		};
		10DBBC5B28421FA1004D4F55 /* model */ = {
			isa = PBXGroup;
			children = (
				1090FA77283F385800FEE224 /* Room.swift */,
				10DBBC5C28421FDA004D4F55 /* user.swift */,
				10DBBC5F28422CF8004D4F55 /* category.swift */,
			);
			path = model;
			sourceTree = "<group>";
		};
		10DBBC5E28422632004D4F55 /* controller */ = {
			isa = PBXGroup;
			children = (
				10B0616F283D4EF4003E3F83 /* ViewController.swift */,
			);
			name = controller;
			sourceTree = "<group>";
		};
/* End PBXGroup section */

/* Begin PBXNativeTarget section */
		10B06167283D4EF4003E3F83 /* TroMoiOS */ = {
			isa = PBXNativeTarget;
			buildConfigurationList = 10B06192283D4EFE003E3F83 /* Build configuration list for PBXNativeTarget "TroMoiOS" */;
			buildPhases = (
				10B06164283D4EF4003E3F83 /* Sources */,
				10B06165283D4EF4003E3F83 /* Frameworks */,
				10B06166283D4EF4003E3F83 /* Resources */,
			);
			buildRules = (
			);
			dependencies = (
			);
			name = TroMoiOS;
			packageProductDependencies = (
			);
			productName = TroMoiOS;
			productReference = 10B06168283D4EF4003E3F83 /* TroMoiOS.app */;
			productType = "com.apple.product-type.application";
		};
		10B0617D283D4EFE003E3F83 /* TroMoiOSTests */ = {
			isa = PBXNativeTarget;
			buildConfigurationList = 10B06195283D4EFE003E3F83 /* Build configuration list for PBXNativeTarget "TroMoiOSTests" */;
			buildPhases = (
				10B0617A283D4EFE003E3F83 /* Sources */,
				10B0617B283D4EFE003E3F83 /* Frameworks */,
				10B0617C283D4EFE003E3F83 /* Resources */,
			);
			buildRules = (
			);
			dependencies = (
				10B06180283D4EFE003E3F83 /* PBXTargetDependency */,
			);
			name = TroMoiOSTests;
			productName = TroMoiOSTests;
			productReference = 10B0617E283D4EFE003E3F83 /* TroMoiOSTests.xctest */;
			productType = "com.apple.product-type.bundle.unit-test";
		};
		10B06187283D4EFE003E3F83 /* TroMoiOSUITests */ = {
			isa = PBXNativeTarget;
			buildConfigurationList = 10B06198283D4EFE003E3F83 /* Build configuration list for PBXNativeTarget "TroMoiOSUITests" */;
			buildPhases = (
				10B06184283D4EFE003E3F83 /* Sources */,
				10B06185283D4EFE003E3F83 /* Frameworks */,
				10B06186283D4EFE003E3F83 /* Resources */,
			);
			buildRules = (
			);
			dependencies = (
				10B0618A283D4EFE003E3F83 /* PBXTargetDependency */,
			);
			name = TroMoiOSUITests;
			productName = TroMoiOSUITests;
			productReference = 10B06188283D4EFE003E3F83 /* TroMoiOSUITests.xctest */;
			productType = "com.apple.product-type.bundle.ui-testing";
		};
/* End PBXNativeTarget section */

/* Begin PBXProject section */
		10B06160283D4EF4003E3F83 /* Project object */ = {
			isa = PBXProject;
			attributes = {
				BuildIndependentTargetsInParallel = 1;
				LastSwiftUpdateCheck = 1320;
				LastUpgradeCheck = 1320;
				TargetAttributes = {
					10B06167283D4EF4003E3F83 = {
						CreatedOnToolsVersion = 13.2.1;
					};
					10B0617D283D4EFE003E3F83 = {
						CreatedOnToolsVersion = 13.2.1;
						TestTargetID = 10B06167283D4EF4003E3F83;
					};
					10B06187283D4EFE003E3F83 = {
						CreatedOnToolsVersion = 13.2.1;
						TestTargetID = 10B06167283D4EF4003E3F83;
					};
				};
			};
			buildConfigurationList = 10B06163283D4EF4003E3F83 /* Build configuration list for PBXProject "TroMoiOS" */;
			compatibilityVersion = "Xcode 13.0";
			developmentRegion = en;
			hasScannedForEncodings = 0;
			knownRegions = (
				en,
				Base,
			);
			mainGroup = 10B0615F283D4EF4003E3F83;
			packageReferences = (
				54E8282C2844E4EA005B0C0F /* XCRemoteSwiftPackageReference "YUCIImageView" */,
			);
			productRefGroup = 10B06169283D4EF4003E3F83 /* Products */;
			projectDirPath = "";
			projectRoot = "";
			targets = (
				10B06167283D4EF4003E3F83 /* TroMoiOS */,
				10B0617D283D4EFE003E3F83 /* TroMoiOSTests */,
				10B06187283D4EFE003E3F83 /* TroMoiOSUITests */,
			);
		};
/* End PBXProject section */

/* Begin PBXResourcesBuildPhase section */
		10B06166283D4EF4003E3F83 /* Resources */ = {
			isa = PBXResourcesBuildPhase;
			buildActionMask = 2147483647;
			files = (
				10B06178283D4EFD003E3F83 /* LaunchScreen.storyboard in Resources */,
				10B06175283D4EFD003E3F83 /* Assets.xcassets in Resources */,
				54D0F63128425087000EE9B2 /* HomeTableViewCell.xib in Resources */,
				10B06173283D4EF4003E3F83 /* Main.storyboard in Resources */,
			);
			runOnlyForDeploymentPostprocessing = 0;
		};
		10B0617C283D4EFE003E3F83 /* Resources */ = {
			isa = PBXResourcesBuildPhase;
			buildActionMask = 2147483647;
			files = (
			);
			runOnlyForDeploymentPostprocessing = 0;
		};
		10B06186283D4EFE003E3F83 /* Resources */ = {
			isa = PBXResourcesBuildPhase;
			buildActionMask = 2147483647;
			files = (
			);
			runOnlyForDeploymentPostprocessing = 0;
		};
/* End PBXResourcesBuildPhase section */

/* Begin PBXSourcesBuildPhase section */
		10B06164283D4EF4003E3F83 /* Sources */ = {
			isa = PBXSourcesBuildPhase;
			buildActionMask = 2147483647;
			files = (
				10B061A5283D63BC003E3F83 /* ProfileController.swift in Sources */,
				10B061A3283D63A1003E3F83 /* RegisterController.swift in Sources */,
				E70DE6E42843893400F0B87E /* NetWorkService.swift in Sources */,
				54E8282B28438107005B0C0F /* CustomTabBar.swift in Sources */,
				1090FA72283E8EA100FEE224 /* HomeController.swift in Sources */,
				10B061A8283DF18D003E3F83 /* DescriptionController.swift in Sources */,
				1090FA78283F385800FEE224 /* Room.swift in Sources */,
				10B06170283D4EF4003E3F83 /* ViewController.swift in Sources */,
				1090FA76283E8F7200FEE224 /* CreatePostController.swift in Sources */,
				54D0F63028425087000EE9B2 /* HomeTableViewCell.swift in Sources */,
				10DBBC6028422CF8004D4F55 /* category.swift in Sources */,
				54E8282E284507D8005B0C0F /* DataPassing.swift in Sources */,
				1090FA74283E8F1F00FEE224 /* LoginController.swift in Sources */,
				10B0616C283D4EF4003E3F83 /* AppDelegate.swift in Sources */,
				10DBBC5D28421FDB004D4F55 /* user.swift in Sources */,
				10B0616E283D4EF4003E3F83 /* SceneDelegate.swift in Sources */,
			);
			runOnlyForDeploymentPostprocessing = 0;
		};
		10B0617A283D4EFE003E3F83 /* Sources */ = {
			isa = PBXSourcesBuildPhase;
			buildActionMask = 2147483647;
			files = (
				10B06183283D4EFE003E3F83 /* TroMoiOSTests.swift in Sources */,
			);
			runOnlyForDeploymentPostprocessing = 0;
		};
		10B06184283D4EFE003E3F83 /* Sources */ = {
			isa = PBXSourcesBuildPhase;
			buildActionMask = 2147483647;
			files = (
				10B0618F283D4EFE003E3F83 /* TroMoiOSUITestsLaunchTests.swift in Sources */,
				10B0618D283D4EFE003E3F83 /* TroMoiOSUITests.swift in Sources */,
			);
			runOnlyForDeploymentPostprocessing = 0;
		};
/* End PBXSourcesBuildPhase section */

/* Begin PBXTargetDependency section */
		10B06180283D4EFE003E3F83 /* PBXTargetDependency */ = {
			isa = PBXTargetDependency;
			target = 10B06167283D4EF4003E3F83 /* TroMoiOS */;
			targetProxy = 10B0617F283D4EFE003E3F83 /* PBXContainerItemProxy */;
		};
		10B0618A283D4EFE003E3F83 /* PBXTargetDependency */ = {
			isa = PBXTargetDependency;
			target = 10B06167283D4EF4003E3F83 /* TroMoiOS */;
			targetProxy = 10B06189283D4EFE003E3F83 /* PBXContainerItemProxy */;
		};
/* End PBXTargetDependency section */

/* Begin PBXVariantGroup section */
		10B06171283D4EF4003E3F83 /* Main.storyboard */ = {
			isa = PBXVariantGroup;
			children = (
				10B06172283D4EF4003E3F83 /* Base */,
			);
			name = Main.storyboard;
			sourceTree = "<group>";
		};
		10B06176283D4EFD003E3F83 /* LaunchScreen.storyboard */ = {
			isa = PBXVariantGroup;
			children = (
				10B06177283D4EFD003E3F83 /* Base */,
			);
			name = LaunchScreen.storyboard;
			sourceTree = "<group>";
		};
/* End PBXVariantGroup section */

/* Begin XCBuildConfiguration section */
		10B06190283D4EFE003E3F83 /* Debug */ = {
			isa = XCBuildConfiguration;
			buildSettings = {
				ALWAYS_SEARCH_USER_PATHS = NO;
				CLANG_ANALYZER_NONNULL = YES;
				CLANG_ANALYZER_NUMBER_OBJECT_CONVERSION = YES_AGGRESSIVE;
				CLANG_CXX_LANGUAGE_STANDARD = "gnu++17";
				CLANG_CXX_LIBRARY = "libc++";
				CLANG_ENABLE_MODULES = YES;
				CLANG_ENABLE_OBJC_ARC = YES;
				CLANG_ENABLE_OBJC_WEAK = YES;
				CLANG_WARN_BLOCK_CAPTURE_AUTORELEASING = YES;
				CLANG_WARN_BOOL_CONVERSION = YES;
				CLANG_WARN_COMMA = YES;
				CLANG_WARN_CONSTANT_CONVERSION = YES;
				CLANG_WARN_DEPRECATED_OBJC_IMPLEMENTATIONS = YES;
				CLANG_WARN_DIRECT_OBJC_ISA_USAGE = YES_ERROR;
				CLANG_WARN_DOCUMENTATION_COMMENTS = YES;
				CLANG_WARN_EMPTY_BODY = YES;
				CLANG_WARN_ENUM_CONVERSION = YES;
				CLANG_WARN_INFINITE_RECURSION = YES;
				CLANG_WARN_INT_CONVERSION = YES;
				CLANG_WARN_NON_LITERAL_NULL_CONVERSION = YES;
				CLANG_WARN_OBJC_IMPLICIT_RETAIN_SELF = YES;
				CLANG_WARN_OBJC_LITERAL_CONVERSION = YES;
				CLANG_WARN_OBJC_ROOT_CLASS = YES_ERROR;
				CLANG_WARN_QUOTED_INCLUDE_IN_FRAMEWORK_HEADER = YES;
				CLANG_WARN_RANGE_LOOP_ANALYSIS = YES;
				CLANG_WARN_STRICT_PROTOTYPES = YES;
				CLANG_WARN_SUSPICIOUS_MOVE = YES;
				CLANG_WARN_UNGUARDED_AVAILABILITY = YES_AGGRESSIVE;
				CLANG_WARN_UNREACHABLE_CODE = YES;
				CLANG_WARN__DUPLICATE_METHOD_MATCH = YES;
				COPY_PHASE_STRIP = NO;
				DEBUG_INFORMATION_FORMAT = dwarf;
				ENABLE_STRICT_OBJC_MSGSEND = YES;
				ENABLE_TESTABILITY = YES;
				GCC_C_LANGUAGE_STANDARD = gnu11;
				GCC_DYNAMIC_NO_PIC = NO;
				GCC_NO_COMMON_BLOCKS = YES;
				GCC_OPTIMIZATION_LEVEL = 0;
				GCC_PREPROCESSOR_DEFINITIONS = (
					"DEBUG=1",
					"$(inherited)",
				);
				GCC_WARN_64_TO_32_BIT_CONVERSION = YES;
				GCC_WARN_ABOUT_RETURN_TYPE = YES_ERROR;
				GCC_WARN_UNDECLARED_SELECTOR = YES;
				GCC_WARN_UNINITIALIZED_AUTOS = YES_AGGRESSIVE;
				GCC_WARN_UNUSED_FUNCTION = YES;
				GCC_WARN_UNUSED_VARIABLE = YES;
				IPHONEOS_DEPLOYMENT_TARGET = 15.2;
				MTL_ENABLE_DEBUG_INFO = INCLUDE_SOURCE;
				MTL_FAST_MATH = YES;
				ONLY_ACTIVE_ARCH = YES;
				SDKROOT = iphoneos;
				SWIFT_ACTIVE_COMPILATION_CONDITIONS = DEBUG;
				SWIFT_OPTIMIZATION_LEVEL = "-Onone";
			};
			name = Debug;
		};
		10B06191283D4EFE003E3F83 /* Release */ = {
			isa = XCBuildConfiguration;
			buildSettings = {
				ALWAYS_SEARCH_USER_PATHS = NO;
				CLANG_ANALYZER_NONNULL = YES;
				CLANG_ANALYZER_NUMBER_OBJECT_CONVERSION = YES_AGGRESSIVE;
				CLANG_CXX_LANGUAGE_STANDARD = "gnu++17";
				CLANG_CXX_LIBRARY = "libc++";
				CLANG_ENABLE_MODULES = YES;
				CLANG_ENABLE_OBJC_ARC = YES;
				CLANG_ENABLE_OBJC_WEAK = YES;
				CLANG_WARN_BLOCK_CAPTURE_AUTORELEASING = YES;
				CLANG_WARN_BOOL_CONVERSION = YES;
				CLANG_WARN_COMMA = YES;
				CLANG_WARN_CONSTANT_CONVERSION = YES;
				CLANG_WARN_DEPRECATED_OBJC_IMPLEMENTATIONS = YES;
				CLANG_WARN_DIRECT_OBJC_ISA_USAGE = YES_ERROR;
				CLANG_WARN_DOCUMENTATION_COMMENTS = YES;
				CLANG_WARN_EMPTY_BODY = YES;
				CLANG_WARN_ENUM_CONVERSION = YES;
				CLANG_WARN_INFINITE_RECURSION = YES;
				CLANG_WARN_INT_CONVERSION = YES;
				CLANG_WARN_NON_LITERAL_NULL_CONVERSION = YES;
				CLANG_WARN_OBJC_IMPLICIT_RETAIN_SELF = YES;
				CLANG_WARN_OBJC_LITERAL_CONVERSION = YES;
				CLANG_WARN_OBJC_ROOT_CLASS = YES_ERROR;
				CLANG_WARN_QUOTED_INCLUDE_IN_FRAMEWORK_HEADER = YES;
				CLANG_WARN_RANGE_LOOP_ANALYSIS = YES;
				CLANG_WARN_STRICT_PROTOTYPES = YES;
				CLANG_WARN_SUSPICIOUS_MOVE = YES;
				CLANG_WARN_UNGUARDED_AVAILABILITY = YES_AGGRESSIVE;
				CLANG_WARN_UNREACHABLE_CODE = YES;
				CLANG_WARN__DUPLICATE_METHOD_MATCH = YES;
				COPY_PHASE_STRIP = NO;
				DEBUG_INFORMATION_FORMAT = "dwarf-with-dsym";
				ENABLE_NS_ASSERTIONS = NO;
				ENABLE_STRICT_OBJC_MSGSEND = YES;
				GCC_C_LANGUAGE_STANDARD = gnu11;
				GCC_NO_COMMON_BLOCKS = YES;
				GCC_WARN_64_TO_32_BIT_CONVERSION = YES;
				GCC_WARN_ABOUT_RETURN_TYPE = YES_ERROR;
				GCC_WARN_UNDECLARED_SELECTOR = YES;
				GCC_WARN_UNINITIALIZED_AUTOS = YES_AGGRESSIVE;
				GCC_WARN_UNUSED_FUNCTION = YES;
				GCC_WARN_UNUSED_VARIABLE = YES;
				IPHONEOS_DEPLOYMENT_TARGET = 15.2;
				MTL_ENABLE_DEBUG_INFO = NO;
				MTL_FAST_MATH = YES;
				SDKROOT = iphoneos;
				SWIFT_COMPILATION_MODE = wholemodule;
				SWIFT_OPTIMIZATION_LEVEL = "-O";
				VALIDATE_PRODUCT = YES;
			};
			name = Release;
		};
		10B06193283D4EFE003E3F83 /* Debug */ = {
			isa = XCBuildConfiguration;
			buildSettings = {
				ASSETCATALOG_COMPILER_APPICON_NAME = AppIcon;
				ASSETCATALOG_COMPILER_GLOBAL_ACCENT_COLOR_NAME = AccentColor;
				CODE_SIGN_STYLE = Automatic;
				CURRENT_PROJECT_VERSION = 1;
				GENERATE_INFOPLIST_FILE = YES;
				INFOPLIST_FILE = TroMoiOS/Info.plist;
				INFOPLIST_KEY_UIApplicationSupportsIndirectInputEvents = YES;
				INFOPLIST_KEY_UILaunchStoryboardName = LaunchScreen;
				INFOPLIST_KEY_UIMainStoryboardFile = Main;
				INFOPLIST_KEY_UISupportedInterfaceOrientations_iPad = "UIInterfaceOrientationPortrait UIInterfaceOrientationPortraitUpsideDown UIInterfaceOrientationLandscapeLeft UIInterfaceOrientationLandscapeRight";
				INFOPLIST_KEY_UISupportedInterfaceOrientations_iPhone = "UIInterfaceOrientationPortrait UIInterfaceOrientationLandscapeLeft UIInterfaceOrientationLandscapeRight";
				LD_RUNPATH_SEARCH_PATHS = (
					"$(inherited)",
					"@executable_path/Frameworks",
				);
				MARKETING_VERSION = 1.0;
				PRODUCT_BUNDLE_IDENTIFIER = vn.edu.tdc.TroMoiOS;
				PRODUCT_NAME = "$(TARGET_NAME)";
				SWIFT_EMIT_LOC_STRINGS = YES;
				SWIFT_VERSION = 5.0;
				TARGETED_DEVICE_FAMILY = "1,2";
			};
			name = Debug;
		};
		10B06194283D4EFE003E3F83 /* Release */ = {
			isa = XCBuildConfiguration;
			buildSettings = {
				ASSETCATALOG_COMPILER_APPICON_NAME = AppIcon;
				ASSETCATALOG_COMPILER_GLOBAL_ACCENT_COLOR_NAME = AccentColor;
				CODE_SIGN_STYLE = Automatic;
				CURRENT_PROJECT_VERSION = 1;
				GENERATE_INFOPLIST_FILE = YES;
				INFOPLIST_FILE = TroMoiOS/Info.plist;
				INFOPLIST_KEY_UIApplicationSupportsIndirectInputEvents = YES;
				INFOPLIST_KEY_UILaunchStoryboardName = LaunchScreen;
				INFOPLIST_KEY_UIMainStoryboardFile = Main;
				INFOPLIST_KEY_UISupportedInterfaceOrientations_iPad = "UIInterfaceOrientationPortrait UIInterfaceOrientationPortraitUpsideDown UIInterfaceOrientationLandscapeLeft UIInterfaceOrientationLandscapeRight";
				INFOPLIST_KEY_UISupportedInterfaceOrientations_iPhone = "UIInterfaceOrientationPortrait UIInterfaceOrientationLandscapeLeft UIInterfaceOrientationLandscapeRight";
				LD_RUNPATH_SEARCH_PATHS = (
					"$(inherited)",
					"@executable_path/Frameworks",
				);
				MARKETING_VERSION = 1.0;
				PRODUCT_BUNDLE_IDENTIFIER = vn.edu.tdc.TroMoiOS;
				PRODUCT_NAME = "$(TARGET_NAME)";
				SWIFT_EMIT_LOC_STRINGS = YES;
				SWIFT_VERSION = 5.0;
				TARGETED_DEVICE_FAMILY = "1,2";
			};
			name = Release;
		};
		10B06196283D4EFE003E3F83 /* Debug */ = {
			isa = XCBuildConfiguration;
			buildSettings = {
				ALWAYS_EMBED_SWIFT_STANDARD_LIBRARIES = YES;
				BUNDLE_LOADER = "$(TEST_HOST)";
				CODE_SIGN_STYLE = Automatic;
				CURRENT_PROJECT_VERSION = 1;
				GENERATE_INFOPLIST_FILE = YES;
				IPHONEOS_DEPLOYMENT_TARGET = 15.2;
				MARKETING_VERSION = 1.0;
				PRODUCT_BUNDLE_IDENTIFIER = vn.edu.tdc.TroMoiOSTests;
				PRODUCT_NAME = "$(TARGET_NAME)";
				SWIFT_EMIT_LOC_STRINGS = NO;
				SWIFT_VERSION = 5.0;
				TARGETED_DEVICE_FAMILY = "1,2";
				TEST_HOST = "$(BUILT_PRODUCTS_DIR)/TroMoiOS.app/TroMoiOS";
			};
			name = Debug;
		};
		10B06197283D4EFE003E3F83 /* Release */ = {
			isa = XCBuildConfiguration;
			buildSettings = {
				ALWAYS_EMBED_SWIFT_STANDARD_LIBRARIES = YES;
				BUNDLE_LOADER = "$(TEST_HOST)";
				CODE_SIGN_STYLE = Automatic;
				CURRENT_PROJECT_VERSION = 1;
				GENERATE_INFOPLIST_FILE = YES;
				IPHONEOS_DEPLOYMENT_TARGET = 15.2;
				MARKETING_VERSION = 1.0;
				PRODUCT_BUNDLE_IDENTIFIER = vn.edu.tdc.TroMoiOSTests;
				PRODUCT_NAME = "$(TARGET_NAME)";
				SWIFT_EMIT_LOC_STRINGS = NO;
				SWIFT_VERSION = 5.0;
				TARGETED_DEVICE_FAMILY = "1,2";
				TEST_HOST = "$(BUILT_PRODUCTS_DIR)/TroMoiOS.app/TroMoiOS";
			};
			name = Release;
		};
		10B06199283D4EFE003E3F83 /* Debug */ = {
			isa = XCBuildConfiguration;
			buildSettings = {
				ALWAYS_EMBED_SWIFT_STANDARD_LIBRARIES = YES;
				CODE_SIGN_STYLE = Automatic;
				CURRENT_PROJECT_VERSION = 1;
				GENERATE_INFOPLIST_FILE = YES;
				MARKETING_VERSION = 1.0;
				PRODUCT_BUNDLE_IDENTIFIER = vn.edu.tdc.TroMoiOSUITests;
				PRODUCT_NAME = "$(TARGET_NAME)";
				SWIFT_EMIT_LOC_STRINGS = NO;
				SWIFT_VERSION = 5.0;
				TARGETED_DEVICE_FAMILY = "1,2";
				TEST_TARGET_NAME = TroMoiOS;
			};
			name = Debug;
		};
		10B0619A283D4EFE003E3F83 /* Release */ = {
			isa = XCBuildConfiguration;
			buildSettings = {
				ALWAYS_EMBED_SWIFT_STANDARD_LIBRARIES = YES;
				CODE_SIGN_STYLE = Automatic;
				CURRENT_PROJECT_VERSION = 1;
				GENERATE_INFOPLIST_FILE = YES;
				MARKETING_VERSION = 1.0;
				PRODUCT_BUNDLE_IDENTIFIER = vn.edu.tdc.TroMoiOSUITests;
				PRODUCT_NAME = "$(TARGET_NAME)";
				SWIFT_EMIT_LOC_STRINGS = NO;
				SWIFT_VERSION = 5.0;
				TARGETED_DEVICE_FAMILY = "1,2";
				TEST_TARGET_NAME = TroMoiOS;
			};
			name = Release;
		};
/* End XCBuildConfiguration section */

/* Begin XCConfigurationList section */
		10B06163283D4EF4003E3F83 /* Build configuration list for PBXProject "TroMoiOS" */ = {
			isa = XCConfigurationList;
			buildConfigurations = (
				10B06190283D4EFE003E3F83 /* Debug */,
				10B06191283D4EFE003E3F83 /* Release */,
			);
			defaultConfigurationIsVisible = 0;
			defaultConfigurationName = Release;
		};
		10B06192283D4EFE003E3F83 /* Build configuration list for PBXNativeTarget "TroMoiOS" */ = {
			isa = XCConfigurationList;
			buildConfigurations = (
				10B06193283D4EFE003E3F83 /* Debug */,
				10B06194283D4EFE003E3F83 /* Release */,
			);
			defaultConfigurationIsVisible = 0;
			defaultConfigurationName = Release;
		};
		10B06195283D4EFE003E3F83 /* Build configuration list for PBXNativeTarget "TroMoiOSTests" */ = {
			isa = XCConfigurationList;
			buildConfigurations = (
				10B06196283D4EFE003E3F83 /* Debug */,
				10B06197283D4EFE003E3F83 /* Release */,
			);
			defaultConfigurationIsVisible = 0;
			defaultConfigurationName = Release;
		};
		10B06198283D4EFE003E3F83 /* Build configuration list for PBXNativeTarget "TroMoiOSUITests" */ = {
			isa = XCConfigurationList;
			buildConfigurations = (
				10B06199283D4EFE003E3F83 /* Debug */,
				10B0619A283D4EFE003E3F83 /* Release */,
			);
			defaultConfigurationIsVisible = 0;
			defaultConfigurationName = Release;
		};
/* End XCConfigurationList section */

/* Begin XCRemoteSwiftPackageReference section */
		54E8282C2844E4EA005B0C0F /* XCRemoteSwiftPackageReference "YUCIImageView" */ = {
			isa = XCRemoteSwiftPackageReference;
			repositoryURL = "https://github.com/YuAo/YUCIImageView.git";
			requirement = {
				branch = master;
				kind = branch;
			};
		};
/* End XCRemoteSwiftPackageReference section */
	};
	rootObject = 10B06160283D4EF4003E3F83 /* Project object */;
}
